
Microsoft Visual Studio Solution File, Format Version 12.00
# Visual Studio Version 16
VisualStudioVersion = 16.0.30114.105
MinimumVisualStudioVersion = 10.0.40219.1
Project("{FAE04EC0-301F-11D3-BF4B-00C04F79EFBC}") = "AnimalClass", "AnimalClass\AnimalClass.csproj", "{9E4ACE35-2E9F-472A-9267-E83E033B47F7}"
EndProject
Project("{FAE04EC0-301F-11D3-BF4B-00C04F79EFBC}") = "StaffClass", "StaffClass\StaffClass.csproj", "{A7C5B0C9-BA21-4548-9163-02C6F8816F24}"
EndProject
Project("{FAE04EC0-301F-11D3-BF4B-00C04F79EFBC}") = "ProjectTest", "ProjectTest\ProjectTest.csproj", "{79D825F1-C642-4283-AC9B-E839086429D4}"
EndProject
Project("{FAE04EC0-301F-11D3-BF4B-00C04F79EFBC}") = "Project", "Project\Project.csproj", "{09ED1DDD-DDC6-4776-BA21-869610760E3F}"
EndProject
Global
	GlobalSection(SolutionConfigurationPlatforms) = preSolution
		Debug|Any CPU = Debug|Any CPU
		Debug|x64 = Debug|x64
		Debug|x86 = Debug|x86
		Release|Any CPU = Release|Any CPU
		Release|x64 = Release|x64
		Release|x86 = Release|x86
	EndGlobalSection
	GlobalSection(SolutionProperties) = preSolution
		HideSolutionNode = FALSE
	EndGlobalSection
	GlobalSection(ProjectConfigurationPlatforms) = postSolution
		{9E4ACE35-2E9F-472A-9267-E83E033B47F7}.Debug|Any CPU.ActiveCfg = Debug|Any CPU
		{9E4ACE35-2E9F-472A-9267-E83E033B47F7}.Debug|Any CPU.Build.0 = Debug|Any CPU
		{9E4ACE35-2E9F-472A-9267-E83E033B47F7}.Debug|x64.ActiveCfg = Debug|Any CPU
		{9E4ACE35-2E9F-472A-9267-E83E033B47F7}.Debug|x64.Build.0 = Debug|Any CPU
		{9E4ACE35-2E9F-472A-9267-E83E033B47F7}.Debug|x86.ActiveCfg = Debug|Any CPU
		{9E4ACE35-2E9F-472A-9267-E83E033B47F7}.Debug|x86.Build.0 = Debug|Any CPU
		{9E4ACE35-2E9F-472A-9267-E83E033B47F7}.Release|Any CPU.ActiveCfg = Release|Any CPU
		{9E4ACE35-2E9F-472A-9267-E83E033B47F7}.Release|Any CPU.Build.0 = Release|Any CPU
		{9E4ACE35-2E9F-472A-9267-E83E033B47F7}.Release|x64.ActiveCfg = Release|Any CPU
		{9E4ACE35-2E9F-472A-9267-E83E033B47F7}.Release|x64.Build.0 = Release|Any CPU
		{9E4ACE35-2E9F-472A-9267-E83E033B47F7}.Release|x86.ActiveCfg = Release|Any CPU
		{9E4ACE35-2E9F-472A-9267-E83E033B47F7}.Release|x86.Build.0 = Release|Any CPU
		{A7C5B0C9-BA21-4548-9163-02C6F8816F24}.Debug|Any CPU.ActiveCfg = Debug|Any CPU
		{A7C5B0C9-BA21-4548-9163-02C6F8816F24}.Debug|Any CPU.Build.0 = Debug|Any CPU
		{A7C5B0C9-BA21-4548-9163-02C6F8816F24}.Debug|x64.ActiveCfg = Debug|Any CPU
		{A7C5B0C9-BA21-4548-9163-02C6F8816F24}.Debug|x64.Build.0 = Debug|Any CPU
		{A7C5B0C9-BA21-4548-9163-02C6F8816F24}.Debug|x86.ActiveCfg = Debug|Any CPU
		{A7C5B0C9-BA21-4548-9163-02C6F8816F24}.Debug|x86.Build.0 = Debug|Any CPU
		{A7C5B0C9-BA21-4548-9163-02C6F8816F24}.Release|Any CPU.ActiveCfg = Release|Any CPU
		{A7C5B0C9-BA21-4548-9163-02C6F8816F24}.Release|Any CPU.Build.0 = Release|Any CPU
		{A7C5B0C9-BA21-4548-9163-02C6F8816F24}.Release|x64.ActiveCfg = Release|Any CPU
		{A7C5B0C9-BA21-4548-9163-02C6F8816F24}.Release|x64.Build.0 = Release|Any CPU
		{A7C5B0C9-BA21-4548-9163-02C6F8816F24}.Release|x86.ActiveCfg = Release|Any CPU
		{A7C5B0C9-BA21-4548-9163-02C6F8816F24}.Release|x86.Build.0 = Release|Any CPU
		{79D825F1-C642-4283-AC9B-E839086429D4}.Debug|Any CPU.ActiveCfg = Debug|Any CPU
		{79D825F1-C642-4283-AC9B-E839086429D4}.Debug|Any CPU.Build.0 = Debug|Any CPU
		{79D825F1-C642-4283-AC9B-E839086429D4}.Debug|x64.ActiveCfg = Debug|Any CPU
		{79D825F1-C642-4283-AC9B-E839086429D4}.Debug|x64.Build.0 = Debug|Any CPU
		{79D825F1-C642-4283-AC9B-E839086429D4}.Debug|x86.ActiveCfg = Debug|Any CPU
		{79D825F1-C642-4283-AC9B-E839086429D4}.Debug|x86.Build.0 = Debug|Any CPU
		{79D825F1-C642-4283-AC9B-E839086429D4}.Release|Any CPU.ActiveCfg = Release|Any CPU
		{79D825F1-C642-4283-AC9B-E839086429D4}.Release|Any CPU.Build.0 = Release|Any CPU
		{79D825F1-C642-4283-AC9B-E839086429D4}.Release|x64.ActiveCfg = Release|Any CPU
		{79D825F1-C642-4283-AC9B-E839086429D4}.Release|x64.Build.0 = Release|Any CPU
		{79D825F1-C642-4283-AC9B-E839086429D4}.Release|x86.ActiveCfg = Release|Any CPU
		{79D825F1-C642-4283-AC9B-E839086429D4}.Release|x86.Build.0 = Release|Any CPU
		{09ED1DDD-DDC6-4776-BA21-869610760E3F}.Debug|Any CPU.ActiveCfg = Debug|Any CPU
		{09ED1DDD-DDC6-4776-BA21-869610760E3F}.Debug|Any CPU.Build.0 = Debug|Any CPU
		{09ED1DDD-DDC6-4776-BA21-869610760E3F}.Debug|x64.ActiveCfg = Debug|Any CPU
		{09ED1DDD-DDC6-4776-BA21-869610760E3F}.Debug|x64.Build.0 = Debug|Any CPU
		{09ED1DDD-DDC6-4776-BA21-869610760E3F}.Debug|x86.ActiveCfg = Debug|Any CPU
		{09ED1DDD-DDC6-4776-BA21-869610760E3F}.Debug|x86.Build.0 = Debug|Any CPU
		{09ED1DDD-DDC6-4776-BA21-869610760E3F}.Release|Any CPU.ActiveCfg = Release|Any CPU
		{09ED1DDD-DDC6-4776-BA21-869610760E3F}.Release|Any CPU.Build.0 = Release|Any CPU
		{09ED1DDD-DDC6-4776-BA21-869610760E3F}.Release|x64.ActiveCfg = Release|Any CPU
		{09ED1DDD-DDC6-4776-BA21-869610760E3F}.Release|x64.Build.0 = Release|Any CPU
		{09ED1DDD-DDC6-4776-BA21-869610760E3F}.Release|x86.ActiveCfg = Release|Any CPU
		{09ED1DDD-DDC6-4776-BA21-869610760E3F}.Release|x86.Build.0 = Release|Any CPU
	EndGlobalSection
EndGlobal
